// !$*UTF8*$!
{
	archiveVersion = 1;
	classes = {
	};
	objectVersion = 46;
	objects = {

/* Begin PBXBuildFile section */
		20445BEB1FA8E78B00DFD5F4 /* paperWin.mp3 in Resources */ = {isa = PBXBuildFile; fileRef = 20445BEA1FA8E78B00DFD5F4 /* paperWin.mp3 */; };
		20445BEE1FA8E79B00DFD5F4 /* rockWin.mp3 in Resources */ = {isa = PBXBuildFile; fileRef = 20445BEC1FA8E79B00DFD5F4 /* rockWin.mp3 */; };
		20445BEF1FA8E79B00DFD5F4 /* scissorsWin.mp3 in Resources */ = {isa = PBXBuildFile; fileRef = 20445BED1FA8E79B00DFD5F4 /* scissorsWin.mp3 */; };
		20B8D7AE1F84055200450180 /* AppDelegate.swift in Sources */ = {isa = PBXBuildFile; fileRef = 20B8D7AD1F84055200450180 /* AppDelegate.swift */; };
		20B8D7B01F84055200450180 /* ViewController.swift in Sources */ = {isa = PBXBuildFile; fileRef = 20B8D7AF1F84055200450180 /* ViewController.swift */; };
		20B8D7B31F84055200450180 /* Main.storyboard in Resources */ = {isa = PBXBuildFile; fileRef = 20B8D7B11F84055200450180 /* Main.storyboard */; };
		20B8D7B51F84055200450180 /* Assets.xcassets in Resources */ = {isa = PBXBuildFile; fileRef = 20B8D7B41F84055200450180 /* Assets.xcassets */; };
		20B8D7B81F84055200450180 /* LaunchScreen.storyboard in Resources */ = {isa = PBXBuildFile; fileRef = 20B8D7B61F84055200450180 /* LaunchScreen.storyboard */; };
/* End PBXBuildFile section */

/* Begin PBXFileReference section */
		20445BEA1FA8E78B00DFD5F4 /* paperWin.mp3 */ = {isa = PBXFileReference; lastKnownFileType = audio.mp3; path = paperWin.mp3; sourceTree = SOURCE_ROOT; };
		20445BEC1FA8E79B00DFD5F4 /* rockWin.mp3 */ = {isa = PBXFileReference; lastKnownFileType = audio.mp3; path = rockWin.mp3; sourceTree = SOURCE_ROOT; };
		20445BED1FA8E79B00DFD5F4 /* scissorsWin.mp3 */ = {isa = PBXFileReference; lastKnownFileType = audio.mp3; path = scissorsWin.mp3; sourceTree = SOURCE_ROOT; };
		20B8D7AA1F84055200450180 /* milestone-2.app */ = {isa = PBXFileReference; explicitFileType = wrapper.application; includeInIndex = 0; path = "milestone-2.app"; sourceTree = BUILT_PRODUCTS_DIR; };
		20B8D7AD1F84055200450180 /* AppDelegate.swift */ = {isa = PBXFileReference; lastKnownFileType = sourcecode.swift; path = AppDelegate.swift; sourceTree = "<group>"; };
		20B8D7AF1F84055200450180 /* ViewController.swift */ = {isa = PBXFileReference; lastKnownFileType = sourcecode.swift; path = ViewController.swift; sourceTree = "<group>"; };
		20B8D7B21F84055200450180 /* Base */ = {isa = PBXFileReference; lastKnownFileType = file.storyboard; name = Base; path = Base.lproj/Main.storyboard; sourceTree = "<group>"; };
		20B8D7B41F84055200450180 /* Assets.xcassets */ = {isa = PBXFileReference; lastKnownFileType = folder.assetcatalog; path = Assets.xcassets; sourceTree = "<group>"; };
		20B8D7B71F84055200450180 /* Base */ = {isa = PBXFileReference; lastKnownFileType = file.storyboard; name = Base; path = Base.lproj/LaunchScreen.storyboard; sourceTree = "<group>"; };
		20B8D7B91F84055200450180 /* Info.plist */ = {isa = PBXFileReference; lastKnownFileType = text.plist.xml; path = Info.plist; sourceTree = "<group>"; };
/* End PBXFileReference section */

/* Begin PBXFrameworksBuildPhase section */
		20B8D7A71F84055200450180 /* Frameworks */ = {
			isa = PBXFrameworksBuildPhase;
			buildActionMask = 2147483647;
			files = (
			);
			runOnlyForDeploymentPostprocessing = 0;
		};
/* End PBXFrameworksBuildPhase section */

/* Begin PBXGroup section */
		20B8D7A11F84055200450180 = {
			isa = PBXGroup;
			children = (
				20B8D7AC1F84055200450180 /* milestone-2 */,
				20B8D7AB1F84055200450180 /* Products */,
			);
			sourceTree = "<group>";
		};
		20B8D7AB1F84055200450180 /* Products */ = {
			isa = PBXGroup;
			children = (
				20B8D7AA1F84055200450180 /* milestone-2.app */,
			);
			name = Products;
			sourceTree = "<group>";
		};
		20B8D7AC1F84055200450180 /* milestone-2 */ = {
			isa = PBXGroup;
			children = (
				20B8D7AD1F84055200450180 /* AppDelegate.swift */,
				20B8D7AF1F84055200450180 /* ViewController.swift */,
				20B8D7B11F84055200450180 /* Main.storyboard */,
				20B8D7B41F84055200450180 /* Assets.xcassets */,
				20B8D7B61F84055200450180 /* LaunchScreen.storyboard */,
				20B8D7B91F84055200450180 /* Info.plist */,
				20F29F241F8FE7D1001BE1AA /* Music */,
			);
			path = "milestone-2";
			sourceTree = "<group>";
		};
		20F29F241F8FE7D1001BE1AA /* Music */ = {
			isa = PBXGroup;
			children = (
				20445BEC1FA8E79B00DFD5F4 /* rockWin.mp3 */,
				20445BED1FA8E79B00DFD5F4 /* scissorsWin.mp3 */,
				20445BEA1FA8E78B00DFD5F4 /* paperWin.mp3 */,
			);
			name = Music;
			sourceTree = "<group>";
		};
/* End PBXGroup section */

/* Begin PBXNativeTarget section */
		20B8D7A91F84055200450180 /* milestone-2 */ = {
			isa = PBXNativeTarget;
			buildConfigurationList = 20B8D7BC1F84055200450180 /* Build configuration list for PBXNativeTarget "milestone-2" */;
			buildPhases = (
				20B8D7A61F84055200450180 /* Sources */,
				20B8D7A71F84055200450180 /* Frameworks */,
				20B8D7A81F84055200450180 /* Resources */,
			);
			buildRules = (
			);
			dependencies = (
			);
			name = "milestone-2";
			productName = "milestone-2";
			productReference = 20B8D7AA1F84055200450180 /* milestone-2.app */;
			productType = "com.apple.product-type.application";
		};
/* End PBXNativeTarget section */

/* Begin PBXProject section */
		20B8D7A21F84055200450180 /* Project object */ = {
			isa = PBXProject;
			attributes = {
				LastSwiftUpdateCheck = 0830;
				LastUpgradeCheck = 0830;
				ORGANIZATIONNAME = "Phil McKenzie";
				TargetAttributes = {
					20B8D7A91F84055200450180 = {
						CreatedOnToolsVersion = 8.3.3;
						ProvisioningStyle = Automatic;
					};
				};
			};
			buildConfigurationList = 20B8D7A51F84055200450180 /* Build configuration list for PBXProject "milestone-2" */;
			compatibilityVersion = "Xcode 3.2";
			developmentRegion = English;
			hasScannedForEncodings = 0;
			knownRegions = (
				en,
				Base,
			);
			mainGroup = 20B8D7A11F84055200450180;
			productRefGroup = 20B8D7AB1F84055200450180 /* Products */;
			projectDirPath = "";
			projectRoot = "";
			targets = (
				20B8D7A91F84055200450180 /* milestone-2 */,
			);
		};
/* End PBXProject section */

/* Begin PBXResourcesBuildPhase section */
		20B8D7A81F84055200450180 /* Resources */ = {
			isa = PBXResourcesBuildPhase;
			buildActionMask = 2147483647;
			files = (
				20445BEF1FA8E79B00DFD5F4 /* scissorsWin.mp3 in Resources */,
				20445BEB1FA8E78B00DFD5F4 /* paperWin.mp3 in Resources */,
				20B8D7B81F84055200450180 /* LaunchScreen.storyboard in Resources */,
				20B8D7B51F84055200450180 /* Assets.xcassets in Resources */,
				20B8D7B31F84055200450180 /* Main.storyboard in Resources */,
				20445BEE1FA8E79B00DFD5F4 /* rockWin.mp3 in Resources */,
			);
			runOnlyForDeploymentPostprocessing = 0;
		};
/* End PBXResourcesBuildPhase section */

/* Begin PBXSourcesBuildPhase section */
		20B8D7A61F84055200450180 /* Sources */ = {
			isa = PBXSourcesBuildPhase;
			buildActionMask = 2147483647;
			files = (
				20B8D7B01F84055200450180 /* ViewController.swift in Sources */,
				20B8D7AE1F84055200450180 /* AppDelegate.swift in Sources */,
			);
			runOnlyForDeploymentPostprocessing = 0;
		};
/* End PBXSourcesBuildPhase section */

/* Begin PBXVariantGroup section */
		20B8D7B11F84055200450180 /* Main.storyboard */ = {
			isa = PBXVariantGroup;
			children = (
				20B8D7B21F84055200450180 /* Base */,
			);
			name = Main.storyboard;
			sourceTree = "<group>";
		};
		20B8D7B61F84055200450180 /* LaunchScreen.storyboard */ = {
			isa = PBXVariantGroup;
			children = (
				20B8D7B71F84055200450180 /* Base */,
			);
			name = LaunchScreen.storyboard;
			sourceTree = "<group>";
		};
/* End PBXVariantGroup section */

/* Begin XCBuildConfiguration section */
		20B8D7BA1F84055200450180 /* Debug */ = {
			isa = XCBuildConfiguration;
			buildSettings = {
				ALWAYS_SEARCH_USER_PATHS = NO;
				CLANG_ANALYZER_NONNULL = YES;
				CLANG_ANALYZER_NUMBER_OBJECT_CONVERSION = YES_AGGRESSIVE;
				CLANG_CXX_LANGUAGE_STANDARD = "gnu++0x";
				CLANG_CXX_LIBRARY = "libc++";
				CLANG_ENABLE_MODULES = YES;
				CLANG_ENABLE_OBJC_ARC = YES;
				CLANG_WARN_BOOL_CONVERSION = YES;
				CLANG_WARN_CONSTANT_CONVERSION = YES;
				CLANG_WARN_DIRECT_OBJC_ISA_USAGE = YES_ERROR;
				CLANG_WARN_DOCUMENTATION_COMMENTS = YES;
				CLANG_WARN_EMPTY_BODY = YES;
				CLANG_WARN_ENUM_CONVERSION = YES;
				CLANG_WARN_INFINITE_RECURSION = YES;
				CLANG_WARN_INT_CONVERSION = YES;
				CLANG_WARN_OBJC_ROOT_CLASS = YES_ERROR;
				CLANG_WARN_SUSPICIOUS_MOVE = YES;
				CLANG_WARN_UNREACHABLE_CODE = YES;
				CLANG_WARN__DUPLICATE_METHOD_MATCH = YES;
				"CODE_SIGN_IDENTITY[sdk=iphoneos*]" = "iPhone Developer";
				COPY_PHASE_STRIP = NO;
				DEBUG_INFORMATION_FORMAT = dwarf;
				ENABLE_STRICT_OBJC_MSGSEND = YES;
				ENABLE_TESTABILITY = YES;
				GCC_C_LANGUAGE_STANDARD = gnu99;
				GCC_DYNAMIC_NO_PIC = NO;
				GCC_NO_COMMON_BLOCKS = YES;
				GCC_OPTIMIZATION_LEVEL = 0;
				GCC_PREPROCESSOR_DEFINITIONS = (
					"DEBUG=1",
					"$(inherited)",
				);
				GCC_WARN_64_TO_32_BIT_CONVERSION = YES;
				GCC_WARN_ABOUT_RETURN_TYPE = YES_ERROR;
				GCC_WARN_UNDECLARED_SELECTOR = YES;
				GCC_WARN_UNINITIALIZED_AUTOS = YES_AGGRESSIVE;
				GCC_WARN_UNUSED_FUNCTION = YES;
				GCC_WARN_UNUSED_VARIABLE = YES;
				IPHONEOS_DEPLOYMENT_TARGET = 10.3;
				MTL_ENABLE_DEBUG_INFO = YES;
				ONLY_ACTIVE_ARCH = YES;
				SDKROOT = iphoneos;
				SWIFT_ACTIVE_COMPILATION_CONDITIONS = DEBUG;
				SWIFT_OPTIMIZATION_LEVEL = "-Onone";
			};
			name = Debug;
		};
		20B8D7BB1F84055200450180 /* Release */ = {
			isa = XCBuildConfiguration;
			buildSettings = {
				ALWAYS_SEARCH_USER_PATHS = NO;
				CLANG_ANALYZER_NONNULL = YES;
				CLANG_ANALYZER_NUMBER_OBJECT_CONVERSION = YES_AGGRESSIVE;
				CLANG_CXX_LANGUAGE_STANDARD = "gnu++0x";
				CLANG_CXX_LIBRARY = "libc++";
				CLANG_ENABLE_MODULES = YES;
				CLANG_ENABLE_OBJC_ARC = YES;
				CLANG_WARN_BOOL_CONVERSION = YES;
				CLANG_WARN_CONSTANT_CONVERSION = YES;
				CLANG_WARN_DIRECT_OBJC_ISA_USAGE = YES_ERROR;
				CLANG_WARN_DOCUMENTATION_COMMENTS = YES;
				CLANG_WARN_EMPTY_BODY = YES;
				CLANG_WARN_ENUM_CONVERSION = YES;
				CLANG_WARN_INFINITE_RECURSION = YES;
				CLANG_WARN_INT_CONVERSION = YES;
				CLANG_WARN_OBJC_ROOT_CLASS = YES_ERROR;
				CLANG_WARN_SUSPICIOUS_MOVE = YES;
				CLANG_WARN_UNREACHABLE_CODE = YES;
				CLANG_WARN__DUPLICATE_METHOD_MATCH = YES;
				"CODE_SIGN_IDENTITY[sdk=iphoneos*]" = "iPhone Developer";
				COPY_PHASE_STRIP = NO;
				DEBUG_INFORMATION_FORMAT = "dwarf-with-dsym";
				ENABLE_NS_ASSERTIONS = NO;
				ENABLE_STRICT_OBJC_MSGSEND = YES;
				GCC_C_LANGUAGE_STANDARD = gnu99;
				GCC_NO_COMMON_BLOCKS = YES;
				GCC_WARN_64_TO_32_BIT_CONVERSION = YES;
				GCC_WARN_ABOUT_RETURN_TYPE = YES_ERROR;
				GCC_WARN_UNDECLARED_SELECTOR = YES;
				GCC_WARN_UNINITIALIZED_AUTOS = YES_AGGRESSIVE;
				GCC_WARN_UNUSED_FUNCTION = YES;
				GCC_WARN_UNUSED_VARIABLE = YES;
				IPHONEOS_DEPLOYMENT_TARGET = 10.3;
				MTL_ENABLE_DEBUG_INFO = NO;
				SDKROOT = iphoneos;
				SWIFT_OPTIMIZATION_LEVEL = "-Owholemodule";
				VALIDATE_PRODUCT = YES;
			};
			name = Release;
		};
		20B8D7BD1F84055200450180 /* Debug */ = {
			isa = XCBuildConfiguration;
			buildSettings = {
				ASSETCATALOG_COMPILER_APPICON_NAME = AppIcon;
				INFOPLIST_FILE = "milestone-2/Info.plist";
				LD_RUNPATH_SEARCH_PATHS = "$(inherited) @executable_path/Frameworks";
				PRODUCT_BUNDLE_IDENTIFIER = "ATLAS.milestone-2";
				PRODUCT_NAME = "$(TARGET_NAME)";
				SWIFT_VERSION = 3.0;
			};
			name = Debug;
		};
		20B8D7BE1F84055200450180 /* Release */ = {
			isa = XCBuildConfiguration;
			buildSettings = {
				ASSETCATALOG_COMPILER_APPICON_NAME = AppIcon;
				INFOPLIST_FILE = "milestone-2/Info.plist";
				LD_RUNPATH_SEARCH_PATHS = "$(inherited) @executable_path/Frameworks";
				PRODUCT_BUNDLE_IDENTIFIER = "ATLAS.milestone-2";
				PRODUCT_NAME = "$(TARGET_NAME)";
				SWIFT_VERSION = 3.0;
			};
			name = Release;
		};
/* End XCBuildConfiguration section */

/* Begin XCConfigurationList section */
		20B8D7A51F84055200450180 /* Build configuration list for PBXProject "milestone-2" */ = {
			isa = XCConfigurationList;
			buildConfigurations = (
				20B8D7BA1F84055200450180 /* Debug */,
				20B8D7BB1F84055200450180 /* Release */,
			);
			defaultConfigurationIsVisible = 0;
			defaultConfigurationName = Release;
		};
		20B8D7BC1F84055200450180 /* Build configuration list for PBXNativeTarget "milestone-2" */ = {
			isa = XCConfigurationList;
			buildConfigurations = (
				20B8D7BD1F84055200450180 /* Debug */,
				20B8D7BE1F84055200450180 /* Release */,
			);
			defaultConfigurationIsVisible = 0;
			defaultConfigurationName = Release;
		};
/* End XCConfigurationList section */
	};
	rootObject = 20B8D7A21F84055200450180 /* Project object */;
}
